PODS:
  - AppAuth (1.6.0):
    - AppAuth/Core (= 1.6.0)
    - AppAuth/ExternalUserAgent (= 1.6.0)
  - AppAuth/Core (1.6.0)
  - AppAuth/ExternalUserAgent (1.6.0):
    - AppAuth/Core
  - appcenter-analytics (4.4.5):
    - AppCenter/Analytics (~> 4.0)
    - AppCenterReactNativeShared (~> 4.0)
    - React-Core
  - appcenter-core (4.4.5):
    - AppCenterReactNativeShared (~> 4.0)
    - React-Core
  - appcenter-crashes (4.4.5):
    - AppCenter/Crashes (~> 4.0)
    - AppCenterReactNativeShared (~> 4.0)
    - React-Core
  - AppCenter/Analytics (4.4.3):
    - AppCenter/Core
  - AppCenter/Core (4.4.3)
  - AppCenter/Crashes (4.4.3):
    - AppCenter/Core
  - AppCenterReactNativeShared (4.4.5):
    - AppCenter/Core (= 4.4.3)
  - Base64 (1.1.2)
  - boost (1.76.0)
  - CocoaAsyncSocket (7.6.5)
  - CodePush (7.0.5):
    - Base64 (~> 1.1)
    - JWT (~> 3.0.0-beta.12)
    - React-Core
    - SSZipArchive (~> 2.2.2)
  - DoubleConversion (1.1.6)
  - FBLazyVector (0.68.2)
  - FBReactNativeSpec (0.68.2):
    - RCT-Folly (= 2021.06.28.00-v2)
    - RCTRequired (= 0.68.2)
    - RCTTypeSafety (= 0.68.2)
    - React-Core (= 0.68.2)
    - React-jsi (= 0.68.2)
    - ReactCommon/turbomodule/core (= 0.68.2)
  - Firebase (8.8.0):
    - Firebase/Core (= 8.8.0)
  - Firebase/Auth (8.8.0):
    - Firebase/CoreOnly
    - FirebaseAuth (~> 8.8.0)
  - Firebase/Core (8.8.0):
    - Firebase/CoreOnly
    - FirebaseAnalytics (~> 8.8.0)
  - Firebase/CoreOnly (8.8.0):
    - FirebaseCore (= 8.8.0)
  - Firebase/Database (8.8.0):
    - Firebase/CoreOnly
    - FirebaseDatabase (~> 8.8.0)
  - Firebase/Messaging (8.8.0):
    - Firebase/CoreOnly
    - FirebaseMessaging (~> 8.8.0)
  - FirebaseAnalytics (8.8.0):
    - FirebaseAnalytics/AdIdSupport (= 8.8.0)
    - FirebaseCore (~> 8.0)
    - FirebaseInstallations (~> 8.0)
    - GoogleUtilities/AppDelegateSwizzler (~> 7.4)
    - GoogleUtilities/MethodSwizzler (~> 7.4)
    - GoogleUtilities/Network (~> 7.4)
    - "GoogleUtilities/NSData+zlib (~> 7.4)"
    - nanopb (~> 2.30908.0)
  - FirebaseAnalytics/AdIdSupport (8.8.0):
    - FirebaseCore (~> 8.0)
    - FirebaseInstallations (~> 8.0)
    - GoogleAppMeasurement (= 8.8.0)
    - GoogleUtilities/AppDelegateSwizzler (~> 7.4)
    - GoogleUtilities/MethodSwizzler (~> 7.4)
    - GoogleUtilities/Network (~> 7.4)
    - "GoogleUtilities/NSData+zlib (~> 7.4)"
    - nanopb (~> 2.30908.0)
  - FirebaseAuth (8.8.0):
    - FirebaseCore (~> 8.0)
    - GoogleUtilities/AppDelegateSwizzler (~> 7.4)
    - GoogleUtilities/Environment (~> 7.4)
    - GTMSessionFetcher/Core (~> 1.5)
  - FirebaseCore (8.8.0):
    - FirebaseCoreDiagnostics (~> 8.0)
    - GoogleUtilities/Environment (~> 7.4)
    - GoogleUtilities/Logger (~> 7.4)
  - FirebaseCoreDiagnostics (8.15.0):
    - GoogleDataTransport (~> 9.1)
    - GoogleUtilities/Environment (~> 7.7)
    - GoogleUtilities/Logger (~> 7.7)
    - nanopb (~> 2.30908.0)
  - FirebaseDatabase (8.8.0):
    - FirebaseCore (~> 8.0)
    - leveldb-library (~> 1.22)
  - FirebaseInstallations (8.15.0):
    - FirebaseCore (~> 8.0)
    - GoogleUtilities/Environment (~> 7.7)
    - GoogleUtilities/UserDefaults (~> 7.7)
    - PromisesObjC (< 3.0, >= 1.2)
  - FirebaseMessaging (8.8.0):
    - FirebaseCore (~> 8.0)
    - FirebaseInstallations (~> 8.0)
    - GoogleDataTransport (~> 9.0)
    - GoogleUtilities/AppDelegateSwizzler (~> 7.4)
    - GoogleUtilities/Environment (~> 7.4)
    - GoogleUtilities/Reachability (~> 7.4)
    - GoogleUtilities/UserDefaults (~> 7.4)
    - nanopb (~> 2.30908.0)
  - Flipper (0.125.0):
    - Flipper-Folly (~> 2.6)
    - Flipper-RSocket (~> 1.4)
  - Flipper-Boost-iOSX (1.76.0.1.11)
  - Flipper-DoubleConversion (3.2.0)
  - Flipper-Fmt (7.1.7)
  - Flipper-Folly (2.6.10):
    - Flipper-Boost-iOSX
    - Flipper-DoubleConversion
    - Flipper-Fmt (= 7.1.7)
    - Flipper-Glog
    - libevent (~> 2.1.12)
    - OpenSSL-Universal (= 1.1.1100)
  - Flipper-Glog (0.5.0.4)
  - Flipper-PeerTalk (0.0.4)
  - Flipper-RSocket (1.4.3):
    - Flipper-Folly (~> 2.6)
  - FlipperKit (0.125.0):
    - FlipperKit/Core (= 0.125.0)
  - FlipperKit/Core (0.125.0):
    - Flipper (~> 0.125.0)
    - FlipperKit/CppBridge
    - FlipperKit/FBCxxFollyDynamicConvert
    - FlipperKit/FBDefines
    - FlipperKit/FKPortForwarding
    - SocketRocket (~> 0.6.0)
  - FlipperKit/CppBridge (0.125.0):
    - Flipper (~> 0.125.0)
  - FlipperKit/FBCxxFollyDynamicConvert (0.125.0):
    - Flipper-Folly (~> 2.6)
  - FlipperKit/FBDefines (0.125.0)
  - FlipperKit/FKPortForwarding (0.125.0):
    - CocoaAsyncSocket (~> 7.6)
    - Flipper-PeerTalk (~> 0.0.4)
  - FlipperKit/FlipperKitHighlightOverlay (0.125.0)
  - FlipperKit/FlipperKitLayoutHelpers (0.125.0):
    - FlipperKit/Core
    - FlipperKit/FlipperKitHighlightOverlay
    - FlipperKit/FlipperKitLayoutTextSearchable
  - FlipperKit/FlipperKitLayoutIOSDescriptors (0.125.0):
    - FlipperKit/Core
    - FlipperKit/FlipperKitHighlightOverlay
    - FlipperKit/FlipperKitLayoutHelpers
    - YogaKit (~> 1.18)
  - FlipperKit/FlipperKitLayoutPlugin (0.125.0):
    - FlipperKit/Core
    - FlipperKit/FlipperKitHighlightOverlay
    - FlipperKit/FlipperKitLayoutHelpers
    - FlipperKit/FlipperKitLayoutIOSDescriptors
    - FlipperKit/FlipperKitLayoutTextSearchable
    - YogaKit (~> 1.18)
  - FlipperKit/FlipperKitLayoutTextSearchable (0.125.0)
  - FlipperKit/FlipperKitNetworkPlugin (0.125.0):
    - FlipperKit/Core
  - FlipperKit/FlipperKitReactPlugin (0.125.0):
    - FlipperKit/Core
  - FlipperKit/FlipperKitUserDefaultsPlugin (0.125.0):
    - FlipperKit/Core
  - FlipperKit/SKIOSNetworkPlugin (0.125.0):
    - FlipperKit/Core
    - FlipperKit/FlipperKitNetworkPlugin
  - fmt (6.2.1)
  - glog (0.3.5)
  - GoogleAppMeasurement (8.8.0):
    - GoogleAppMeasurement/AdIdSupport (= 8.8.0)
    - GoogleUtilities/AppDelegateSwizzler (~> 7.4)
    - GoogleUtilities/MethodSwizzler (~> 7.4)
    - GoogleUtilities/Network (~> 7.4)
    - "GoogleUtilities/NSData+zlib (~> 7.4)"
    - nanopb (~> 2.30908.0)
  - GoogleAppMeasurement/AdIdSupport (8.8.0):
    - GoogleAppMeasurement/WithoutAdIdSupport (= 8.8.0)
    - GoogleUtilities/AppDelegateSwizzler (~> 7.4)
    - GoogleUtilities/MethodSwizzler (~> 7.4)
    - GoogleUtilities/Network (~> 7.4)
    - "GoogleUtilities/NSData+zlib (~> 7.4)"
    - nanopb (~> 2.30908.0)
  - GoogleAppMeasurement/WithoutAdIdSupport (8.8.0):
    - GoogleUtilities/AppDelegateSwizzler (~> 7.4)
    - GoogleUtilities/MethodSwizzler (~> 7.4)
    - GoogleUtilities/Network (~> 7.4)
    - "GoogleUtilities/NSData+zlib (~> 7.4)"
    - nanopb (~> 2.30908.0)
  - GoogleDataTransport (9.2.1):
    - GoogleUtilities/Environment (~> 7.7)
    - nanopb (< 2.30910.0, >= 2.30908.0)
    - PromisesObjC (< 3.0, >= 1.2)
  - GoogleSignIn (6.2.4):
    - AppAuth (~> 1.5)
    - GTMAppAuth (~> 1.3)
    - GTMSessionFetcher/Core (< 3.0, >= 1.1)
  - GoogleUtilities (7.11.0):
    - GoogleUtilities/AppDelegateSwizzler (= 7.11.0)
    - GoogleUtilities/Environment (= 7.11.0)
    - GoogleUtilities/ISASwizzler (= 7.11.0)
    - GoogleUtilities/Logger (= 7.11.0)
    - GoogleUtilities/MethodSwizzler (= 7.11.0)
    - GoogleUtilities/Network (= 7.11.0)
    - "GoogleUtilities/NSData+zlib (= 7.11.0)"
    - GoogleUtilities/Reachability (= 7.11.0)
    - GoogleUtilities/SwizzlerTestHelpers (= 7.11.0)
    - GoogleUtilities/UserDefaults (= 7.11.0)
  - GoogleUtilities/AppDelegateSwizzler (7.11.0):
    - GoogleUtilities/Environment
    - GoogleUtilities/Logger
    - GoogleUtilities/Network
  - GoogleUtilities/Environment (7.11.0):
    - PromisesObjC (< 3.0, >= 1.2)
  - GoogleUtilities/ISASwizzler (7.11.0)
  - GoogleUtilities/Logger (7.11.0):
    - GoogleUtilities/Environment
  - GoogleUtilities/MethodSwizzler (7.11.0):
    - GoogleUtilities/Logger
  - GoogleUtilities/Network (7.11.0):
    - GoogleUtilities/Logger
    - "GoogleUtilities/NSData+zlib"
    - GoogleUtilities/Reachability
  - "GoogleUtilities/NSData+zlib (7.11.0)"
  - GoogleUtilities/Reachability (7.11.0):
    - GoogleUtilities/Logger
  - GoogleUtilities/SwizzlerTestHelpers (7.11.0):
    - GoogleUtilities/MethodSwizzler
  - GoogleUtilities/UserDefaults (7.11.0):
    - GoogleUtilities/Logger
  - GTMAppAuth (1.3.1):
    - AppAuth/Core (~> 1.6)
    - GTMSessionFetcher/Core (< 3.0, >= 1.5)
  - GTMSessionFetcher/Core (1.7.2)
  - JitsiWebRTC (106.0.0)
  - JWT (3.0.0-beta.14):
    - Base64 (~> 1.1.2)
  - leveldb-library (1.22.1)
  - libevent (2.1.12)
  - nanopb (2.30908.0):
    - nanopb/decode (= 2.30908.0)
    - nanopb/encode (= 2.30908.0)
  - nanopb/decode (2.30908.0)
  - nanopb/encode (2.30908.0)
  - OpenSSL-Universal (1.1.1100)
  - PromisesObjC (2.1.1)
  - RCT-Folly (2021.06.28.00-v2):
    - boost
    - DoubleConversion
    - fmt (~> 6.2.1)
    - glog
    - RCT-Folly/Default (= 2021.06.28.00-v2)
  - RCT-Folly/Default (2021.06.28.00-v2):
    - boost
    - DoubleConversion
    - fmt (~> 6.2.1)
    - glog
  - RCTRequired (0.68.2)
  - RCTTypeSafety (0.68.2):
    - FBLazyVector (= 0.68.2)
    - RCT-Folly (= 2021.06.28.00-v2)
    - RCTRequired (= 0.68.2)
    - React-Core (= 0.68.2)
  - React (0.68.2):
    - React-Core (= 0.68.2)
    - React-Core/DevSupport (= 0.68.2)
    - React-Core/RCTWebSocket (= 0.68.2)
    - React-RCTActionSheet (= 0.68.2)
    - React-RCTAnimation (= 0.68.2)
    - React-RCTBlob (= 0.68.2)
    - React-RCTImage (= 0.68.2)
    - React-RCTLinking (= 0.68.2)
    - React-RCTNetwork (= 0.68.2)
    - React-RCTSettings (= 0.68.2)
    - React-RCTText (= 0.68.2)
    - React-RCTVibration (= 0.68.2)
  - React-callinvoker (0.68.2)
  - React-Codegen (0.68.2):
    - FBReactNativeSpec (= 0.68.2)
    - RCT-Folly (= 2021.06.28.00-v2)
    - RCTRequired (= 0.68.2)
    - RCTTypeSafety (= 0.68.2)
    - React-Core (= 0.68.2)
    - React-jsi (= 0.68.2)
    - React-jsiexecutor (= 0.68.2)
    - ReactCommon/turbomodule/core (= 0.68.2)
  - React-Core (0.68.2):
    - glog
    - RCT-Folly (= 2021.06.28.00-v2)
    - React-Core/Default (= 0.68.2)
    - React-cxxreact (= 0.68.2)
    - React-jsi (= 0.68.2)
    - React-jsiexecutor (= 0.68.2)
    - React-perflogger (= 0.68.2)
    - Yoga
  - React-Core/CoreModulesHeaders (0.68.2):
    - glog
    - RCT-Folly (= 2021.06.28.00-v2)
    - React-Core/Default
    - React-cxxreact (= 0.68.2)
    - React-jsi (= 0.68.2)
    - React-jsiexecutor (= 0.68.2)
    - React-perflogger (= 0.68.2)
    - Yoga
  - React-Core/Default (0.68.2):
    - glog
    - RCT-Folly (= 2021.06.28.00-v2)
    - React-cxxreact (= 0.68.2)
    - React-jsi (= 0.68.2)
    - React-jsiexecutor (= 0.68.2)
    - React-perflogger (= 0.68.2)
    - Yoga
  - React-Core/DevSupport (0.68.2):
    - glog
    - RCT-Folly (= 2021.06.28.00-v2)
    - React-Core/Default (= 0.68.2)
    - React-Core/RCTWebSocket (= 0.68.2)
    - React-cxxreact (= 0.68.2)
    - React-jsi (= 0.68.2)
    - React-jsiexecutor (= 0.68.2)
    - React-jsinspector (= 0.68.2)
    - React-perflogger (= 0.68.2)
    - Yoga
  - React-Core/RCTActionSheetHeaders (0.68.2):
    - glog
    - RCT-Folly (= 2021.06.28.00-v2)
    - React-Core/Default
    - React-cxxreact (= 0.68.2)
    - React-jsi (= 0.68.2)
    - React-jsiexecutor (= 0.68.2)
    - React-perflogger (= 0.68.2)
    - Yoga
  - React-Core/RCTAnimationHeaders (0.68.2):
    - glog
    - RCT-Folly (= 2021.06.28.00-v2)
    - React-Core/Default
    - React-cxxreact (= 0.68.2)
    - React-jsi (= 0.68.2)
    - React-jsiexecutor (= 0.68.2)
    - React-perflogger (= 0.68.2)
    - Yoga
  - React-Core/RCTBlobHeaders (0.68.2):
    - glog
    - RCT-Folly (= 2021.06.28.00-v2)
    - React-Core/Default
    - React-cxxreact (= 0.68.2)
    - React-jsi (= 0.68.2)
    - React-jsiexecutor (= 0.68.2)
    - React-perflogger (= 0.68.2)
    - Yoga
  - React-Core/RCTImageHeaders (0.68.2):
    - glog
    - RCT-Folly (= 2021.06.28.00-v2)
    - React-Core/Default
    - React-cxxreact (= 0.68.2)
    - React-jsi (= 0.68.2)
    - React-jsiexecutor (= 0.68.2)
    - React-perflogger (= 0.68.2)
    - Yoga
  - React-Core/RCTLinkingHeaders (0.68.2):
    - glog
    - RCT-Folly (= 2021.06.28.00-v2)
    - React-Core/Default
    - React-cxxreact (= 0.68.2)
    - React-jsi (= 0.68.2)
    - React-jsiexecutor (= 0.68.2)
    - React-perflogger (= 0.68.2)
    - Yoga
  - React-Core/RCTNetworkHeaders (0.68.2):
    - glog
    - RCT-Folly (= 2021.06.28.00-v2)
    - React-Core/Default
    - React-cxxreact (= 0.68.2)
    - React-jsi (= 0.68.2)
    - React-jsiexecutor (= 0.68.2)
    - React-perflogger (= 0.68.2)
    - Yoga
  - React-Core/RCTSettingsHeaders (0.68.2):
    - glog
    - RCT-Folly (= 2021.06.28.00-v2)
    - React-Core/Default
    - React-cxxreact (= 0.68.2)
    - React-jsi (= 0.68.2)
    - React-jsiexecutor (= 0.68.2)
    - React-perflogger (= 0.68.2)
    - Yoga
  - React-Core/RCTTextHeaders (0.68.2):
    - glog
    - RCT-Folly (= 2021.06.28.00-v2)
    - React-Core/Default
    - React-cxxreact (= 0.68.2)
    - React-jsi (= 0.68.2)
    - React-jsiexecutor (= 0.68.2)
    - React-perflogger (= 0.68.2)
    - Yoga
  - React-Core/RCTVibrationHeaders (0.68.2):
    - glog
    - RCT-Folly (= 2021.06.28.00-v2)
    - React-Core/Default
    - React-cxxreact (= 0.68.2)
    - React-jsi (= 0.68.2)
    - React-jsiexecutor (= 0.68.2)
    - React-perflogger (= 0.68.2)
    - Yoga
  - React-Core/RCTWebSocket (0.68.2):
    - glog
    - RCT-Folly (= 2021.06.28.00-v2)
    - React-Core/Default (= 0.68.2)
    - React-cxxreact (= 0.68.2)
    - React-jsi (= 0.68.2)
    - React-jsiexecutor (= 0.68.2)
    - React-perflogger (= 0.68.2)
    - Yoga
  - React-CoreModules (0.68.2):
    - RCT-Folly (= 2021.06.28.00-v2)
    - RCTTypeSafety (= 0.68.2)
    - React-Codegen (= 0.68.2)
    - React-Core/CoreModulesHeaders (= 0.68.2)
    - React-jsi (= 0.68.2)
    - React-RCTImage (= 0.68.2)
    - ReactCommon/turbomodule/core (= 0.68.2)
  - React-cxxreact (0.68.2):
    - boost (= 1.76.0)
    - DoubleConversion
    - glog
    - RCT-Folly (= 2021.06.28.00-v2)
    - React-callinvoker (= 0.68.2)
    - React-jsi (= 0.68.2)
    - React-jsinspector (= 0.68.2)
    - React-logger (= 0.68.2)
    - React-perflogger (= 0.68.2)
    - React-runtimeexecutor (= 0.68.2)
  - React-jsi (0.68.2):
    - boost (= 1.76.0)
    - DoubleConversion
    - glog
    - RCT-Folly (= 2021.06.28.00-v2)
    - React-jsi/Default (= 0.68.2)
  - React-jsi/Default (0.68.2):
    - boost (= 1.76.0)
    - DoubleConversion
    - glog
    - RCT-Folly (= 2021.06.28.00-v2)
  - React-jsiexecutor (0.68.2):
    - DoubleConversion
    - glog
    - RCT-Folly (= 2021.06.28.00-v2)
    - React-cxxreact (= 0.68.2)
    - React-jsi (= 0.68.2)
    - React-perflogger (= 0.68.2)
  - React-jsinspector (0.68.2)
  - React-logger (0.68.2):
    - glog
  - react-native-fast-video (5.1.7):
    - React-Core
    - react-native-fast-video/Video (= 5.1.7)
  - react-native-fast-video/Video (5.1.7):
    - React-Core
  - react-native-safe-area-context (4.4.1):
    - RCT-Folly
    - RCTRequired
    - RCTTypeSafety
    - React-Core
    - ReactCommon/turbomodule/core
  - react-native-webrtc (1.106.1):
    - JitsiWebRTC (~> 106.0.0)
    - React-Core
  - react-native-webview (11.26.1):
    - React-Core
  - React-perflogger (0.68.2)
  - React-RCTActionSheet (0.68.2):
    - React-Core/RCTActionSheetHeaders (= 0.68.2)
  - React-RCTAnimation (0.68.2):
    - RCT-Folly (= 2021.06.28.00-v2)
    - RCTTypeSafety (= 0.68.2)
    - React-Codegen (= 0.68.2)
    - React-Core/RCTAnimationHeaders (= 0.68.2)
    - React-jsi (= 0.68.2)
    - ReactCommon/turbomodule/core (= 0.68.2)
  - React-RCTBlob (0.68.2):
    - RCT-Folly (= 2021.06.28.00-v2)
    - React-Codegen (= 0.68.2)
    - React-Core/RCTBlobHeaders (= 0.68.2)
    - React-Core/RCTWebSocket (= 0.68.2)
    - React-jsi (= 0.68.2)
    - React-RCTNetwork (= 0.68.2)
    - ReactCommon/turbomodule/core (= 0.68.2)
  - React-RCTImage (0.68.2):
    - RCT-Folly (= 2021.06.28.00-v2)
    - RCTTypeSafety (= 0.68.2)
    - React-Codegen (= 0.68.2)
    - React-Core/RCTImageHeaders (= 0.68.2)
    - React-jsi (= 0.68.2)
    - React-RCTNetwork (= 0.68.2)
    - ReactCommon/turbomodule/core (= 0.68.2)
  - React-RCTLinking (0.68.2):
    - React-Codegen (= 0.68.2)
    - React-Core/RCTLinkingHeaders (= 0.68.2)
    - React-jsi (= 0.68.2)
    - ReactCommon/turbomodule/core (= 0.68.2)
  - React-RCTNetwork (0.68.2):
    - RCT-Folly (= 2021.06.28.00-v2)
    - RCTTypeSafety (= 0.68.2)
    - React-Codegen (= 0.68.2)
    - React-Core/RCTNetworkHeaders (= 0.68.2)
    - React-jsi (= 0.68.2)
    - ReactCommon/turbomodule/core (= 0.68.2)
  - React-RCTSettings (0.68.2):
    - RCT-Folly (= 2021.06.28.00-v2)
    - RCTTypeSafety (= 0.68.2)
    - React-Codegen (= 0.68.2)
    - React-Core/RCTSettingsHeaders (= 0.68.2)
    - React-jsi (= 0.68.2)
    - ReactCommon/turbomodule/core (= 0.68.2)
  - React-RCTText (0.68.2):
    - React-Core/RCTTextHeaders (= 0.68.2)
  - React-RCTVibration (0.68.2):
    - RCT-Folly (= 2021.06.28.00-v2)
    - React-Codegen (= 0.68.2)
    - React-Core/RCTVibrationHeaders (= 0.68.2)
    - React-jsi (= 0.68.2)
    - ReactCommon/turbomodule/core (= 0.68.2)
  - React-runtimeexecutor (0.68.2):
    - React-jsi (= 0.68.2)
  - ReactCommon/turbomodule/core (0.68.2):
    - DoubleConversion
    - glog
    - RCT-Folly (= 2021.06.28.00-v2)
    - React-callinvoker (= 0.68.2)
    - React-Core (= 0.68.2)
    - React-cxxreact (= 0.68.2)
    - React-jsi (= 0.68.2)
    - React-logger (= 0.68.2)
    - React-perflogger (= 0.68.2)
  - ReactNativeIncallManager (4.0.0):
    - React-Core
  - RNCAsyncStorage (1.17.10):
    - React-Core
  - RNFBApp (12.9.3):
    - Firebase/CoreOnly (= 8.8.0)
    - React-Core
  - RNFBAuth (12.9.3):
    - Firebase/Auth (= 8.8.0)
    - React-Core
    - RNFBApp
  - RNFBDatabase (12.9.3):
    - Firebase/Database (= 8.8.0)
    - React-Core
    - RNFBApp
  - RNFBMessaging (12.9.3):
    - Firebase/Messaging (= 8.8.0)
    - React-Core
    - RNFBApp
  - RNGoogleSignin (8.0.1):
    - GoogleSignIn (~> 6.2)
    - React-Core
  - RNNotifee (7.1.0):
    - React-Core
    - RNNotifee/NotifeeCore (= 7.1.0)
  - RNNotifee/NotifeeCore (7.1.0):
    - React-Core
  - RNScreens (3.18.2):
    - React-Core
    - React-RCTImage
  - RNSoundPlayer (0.13.2):
    - React-Core
  - RNSVG (13.8.0):
    - React-Core
  - RNVectorIcons (9.2.0):
    - React-Core
  - SocketRocket (0.6.0)
  - SSZipArchive (2.2.3)
  - Stripe (23.3.2):
    - StripeApplePay (= 23.3.2)
    - StripeCore (= 23.3.2)
    - StripePayments (= 23.3.2)
    - StripePaymentsUI (= 23.3.2)
    - StripeUICore (= 23.3.2)
  - stripe-react-native (0.23.3):
    - React-Core
    - Stripe (~> 23.3.0)
    - StripeApplePay (~> 23.3.0)
    - StripeFinancialConnections (~> 23.3.0)
    - StripePayments (~> 23.3.0)
    - StripePaymentSheet (~> 23.3.0)
    - StripePaymentsUI (~> 23.3.0)
  - StripeApplePay (23.3.2):
    - StripeCore (= 23.3.2)
  - StripeCore (23.3.2)
  - StripeFinancialConnections (23.3.2):
    - StripeCore (= 23.3.2)
    - StripeUICore (= 23.3.2)
  - StripePayments (23.3.2):
    - StripeCore (= 23.3.2)
    - StripePayments/Stripe3DS2 (= 23.3.2)
  - StripePayments/Stripe3DS2 (23.3.2):
    - StripeCore (= 23.3.2)
  - StripePaymentSheet (23.3.2):
    - StripeApplePay (= 23.3.2)
    - StripeCore (= 23.3.2)
    - StripePayments (= 23.3.2)
    - StripePaymentsUI (= 23.3.2)
  - StripePaymentsUI (23.3.2):
    - StripeCore (= 23.3.2)
    - StripePayments (= 23.3.2)
    - StripeUICore (= 23.3.2)
  - StripeUICore (23.3.2):
    - StripeCore (= 23.3.2)
  - Yoga (1.14.0)
  - YogaKit (1.18.1):
    - Yoga (~> 1.14)

DEPENDENCIES:
  - appcenter-analytics (from `../node_modules/appcenter-analytics`)
  - appcenter-core (from `../node_modules/appcenter`)
  - appcenter-crashes (from `../node_modules/appcenter-crashes`)
  - boost (from `../node_modules/react-native/third-party-podspecs/boost.podspec`)
  - CodePush (from `../node_modules/react-native-code-push`)
  - DoubleConversion (from `../node_modules/react-native/third-party-podspecs/DoubleConversion.podspec`)
  - FBLazyVector (from `../node_modules/react-native/Libraries/FBLazyVector`)
  - FBReactNativeSpec (from `../node_modules/react-native/React/FBReactNativeSpec`)
  - Firebase
  - Firebase/Messaging
  - FirebaseCore
  - Flipper (= 0.125.0)
  - Flipper-Boost-iOSX (= 1.76.0.1.11)
  - Flipper-DoubleConversion (= 3.2.0)
  - Flipper-Fmt (= 7.1.7)
  - Flipper-Folly (= 2.6.10)
  - Flipper-Glog (= 0.5.0.4)
  - Flipper-PeerTalk (= 0.0.4)
  - Flipper-RSocket (= 1.4.3)
  - FlipperKit (= 0.125.0)
  - FlipperKit/Core (= 0.125.0)
  - FlipperKit/CppBridge (= 0.125.0)
  - FlipperKit/FBCxxFollyDynamicConvert (= 0.125.0)
  - FlipperKit/FBDefines (= 0.125.0)
  - FlipperKit/FKPortForwarding (= 0.125.0)
  - FlipperKit/FlipperKitHighlightOverlay (= 0.125.0)
  - FlipperKit/FlipperKitLayoutPlugin (= 0.125.0)
  - FlipperKit/FlipperKitLayoutTextSearchable (= 0.125.0)
  - FlipperKit/FlipperKitNetworkPlugin (= 0.125.0)
  - FlipperKit/FlipperKitReactPlugin (= 0.125.0)
  - FlipperKit/FlipperKitUserDefaultsPlugin (= 0.125.0)
  - FlipperKit/SKIOSNetworkPlugin (= 0.125.0)
  - glog (from `../node_modules/react-native/third-party-podspecs/glog.podspec`)
  - GoogleUtilities
  - OpenSSL-Universal (= 1.1.1100)
  - RCT-Folly (from `../node_modules/react-native/third-party-podspecs/RCT-Folly.podspec`)
  - RCTRequired (from `../node_modules/react-native/Libraries/RCTRequired`)
  - RCTTypeSafety (from `../node_modules/react-native/Libraries/TypeSafety`)
  - React (from `../node_modules/react-native/`)
  - React-callinvoker (from `../node_modules/react-native/ReactCommon/callinvoker`)
  - React-Codegen (from `build/generated/ios`)
  - React-Core (from `../node_modules/react-native/`)
  - React-Core/DevSupport (from `../node_modules/react-native/`)
  - React-Core/RCTWebSocket (from `../node_modules/react-native/`)
  - React-CoreModules (from `../node_modules/react-native/React/CoreModules`)
  - React-cxxreact (from `../node_modules/react-native/ReactCommon/cxxreact`)
  - React-jsi (from `../node_modules/react-native/ReactCommon/jsi`)
  - React-jsiexecutor (from `../node_modules/react-native/ReactCommon/jsiexecutor`)
  - React-jsinspector (from `../node_modules/react-native/ReactCommon/jsinspector`)
  - React-logger (from `../node_modules/react-native/ReactCommon/logger`)
  - react-native-fast-video (from `../node_modules/react-native-fast-video`)
  - react-native-safe-area-context (from `../node_modules/react-native-safe-area-context`)
  - react-native-webrtc (from `../node_modules/react-native-webrtc`)
  - react-native-webview (from `../node_modules/react-native-webview`)
  - React-perflogger (from `../node_modules/react-native/ReactCommon/reactperflogger`)
  - React-RCTActionSheet (from `../node_modules/react-native/Libraries/ActionSheetIOS`)
  - React-RCTAnimation (from `../node_modules/react-native/Libraries/NativeAnimation`)
  - React-RCTBlob (from `../node_modules/react-native/Libraries/Blob`)
  - React-RCTImage (from `../node_modules/react-native/Libraries/Image`)
  - React-RCTLinking (from `../node_modules/react-native/Libraries/LinkingIOS`)
  - React-RCTNetwork (from `../node_modules/react-native/Libraries/Network`)
  - React-RCTSettings (from `../node_modules/react-native/Libraries/Settings`)
  - React-RCTText (from `../node_modules/react-native/Libraries/Text`)
  - React-RCTVibration (from `../node_modules/react-native/Libraries/Vibration`)
  - React-runtimeexecutor (from `../node_modules/react-native/ReactCommon/runtimeexecutor`)
  - ReactCommon/turbomodule/core (from `../node_modules/react-native/ReactCommon`)
  - ReactNativeIncallManager (from `../node_modules/react-native-incall-manager`)
  - "RNCAsyncStorage (from `../node_modules/@react-native-async-storage/async-storage`)"
  - "RNFBApp (from `../node_modules/@react-native-firebase/app`)"
  - "RNFBAuth (from `../node_modules/@react-native-firebase/auth`)"
  - "RNFBDatabase (from `../node_modules/@react-native-firebase/database`)"
  - "RNFBMessaging (from `../node_modules/@react-native-firebase/messaging`)"
  - "RNGoogleSignin (from `../node_modules/@react-native-google-signin/google-signin`)"
  - "RNNotifee (from `../node_modules/@notifee/react-native`)"
  - RNScreens (from `../node_modules/react-native-screens`)
  - RNSoundPlayer (from `../node_modules/react-native-sound-player`)
  - RNSVG (from `../node_modules/react-native-svg`)
  - RNVectorIcons (from `../node_modules/react-native-vector-icons`)
  - "stripe-react-native (from `../node_modules/@stripe/stripe-react-native`)"
  - Yoga (from `../node_modules/react-native/ReactCommon/yoga`)

SPEC REPOS:
  trunk:
    - AppAuth
    - AppCenter
    - AppCenterReactNativeShared
    - Base64
    - CocoaAsyncSocket
    - Firebase
    - FirebaseAnalytics
    - FirebaseAuth
    - FirebaseCore
    - FirebaseCoreDiagnostics
    - FirebaseDatabase
    - FirebaseInstallations
    - FirebaseMessaging
    - Flipper
    - Flipper-Boost-iOSX
    - Flipper-DoubleConversion
    - Flipper-Fmt
    - Flipper-Folly
    - Flipper-Glog
    - Flipper-PeerTalk
    - Flipper-RSocket
    - FlipperKit
    - fmt
    - GoogleAppMeasurement
    - GoogleDataTransport
    - GoogleSignIn
    - GoogleUtilities
    - GTMAppAuth
    - GTMSessionFetcher
    - JitsiWebRTC
    - JWT
    - leveldb-library
    - libevent
    - nanopb
    - OpenSSL-Universal
    - PromisesObjC
    - SocketRocket
    - SSZipArchive
    - Stripe
    - StripeApplePay
    - StripeCore
    - StripeFinancialConnections
    - StripePayments
    - StripePaymentSheet
    - StripePaymentsUI
    - StripeUICore
    - YogaKit

EXTERNAL SOURCES:
  appcenter-analytics:
    :path: "../node_modules/appcenter-analytics"
  appcenter-core:
    :path: "../node_modules/appcenter"
  appcenter-crashes:
    :path: "../node_modules/appcenter-crashes"
  boost:
    :podspec: "../node_modules/react-native/third-party-podspecs/boost.podspec"
  CodePush:
    :path: "../node_modules/react-native-code-push"
  DoubleConversion:
    :podspec: "../node_modules/react-native/third-party-podspecs/DoubleConversion.podspec"
  FBLazyVector:
    :path: "../node_modules/react-native/Libraries/FBLazyVector"
  FBReactNativeSpec:
    :path: "../node_modules/react-native/React/FBReactNativeSpec"
  glog:
    :podspec: "../node_modules/react-native/third-party-podspecs/glog.podspec"
  RCT-Folly:
    :podspec: "../node_modules/react-native/third-party-podspecs/RCT-Folly.podspec"
  RCTRequired:
    :path: "../node_modules/react-native/Libraries/RCTRequired"
  RCTTypeSafety:
    :path: "../node_modules/react-native/Libraries/TypeSafety"
  React:
    :path: "../node_modules/react-native/"
  React-callinvoker:
    :path: "../node_modules/react-native/ReactCommon/callinvoker"
  React-Codegen:
    :path: build/generated/ios
  React-Core:
    :path: "../node_modules/react-native/"
  React-CoreModules:
    :path: "../node_modules/react-native/React/CoreModules"
  React-cxxreact:
    :path: "../node_modules/react-native/ReactCommon/cxxreact"
  React-jsi:
    :path: "../node_modules/react-native/ReactCommon/jsi"
  React-jsiexecutor:
    :path: "../node_modules/react-native/ReactCommon/jsiexecutor"
  React-jsinspector:
    :path: "../node_modules/react-native/ReactCommon/jsinspector"
  React-logger:
    :path: "../node_modules/react-native/ReactCommon/logger"
  react-native-fast-video:
    :path: "../node_modules/react-native-fast-video"
  react-native-safe-area-context:
    :path: "../node_modules/react-native-safe-area-context"
  react-native-webrtc:
    :path: "../node_modules/react-native-webrtc"
  react-native-webview:
    :path: "../node_modules/react-native-webview"
  React-perflogger:
    :path: "../node_modules/react-native/ReactCommon/reactperflogger"
  React-RCTActionSheet:
    :path: "../node_modules/react-native/Libraries/ActionSheetIOS"
  React-RCTAnimation:
    :path: "../node_modules/react-native/Libraries/NativeAnimation"
  React-RCTBlob:
    :path: "../node_modules/react-native/Libraries/Blob"
  React-RCTImage:
    :path: "../node_modules/react-native/Libraries/Image"
  React-RCTLinking:
    :path: "../node_modules/react-native/Libraries/LinkingIOS"
  React-RCTNetwork:
    :path: "../node_modules/react-native/Libraries/Network"
  React-RCTSettings:
    :path: "../node_modules/react-native/Libraries/Settings"
  React-RCTText:
    :path: "../node_modules/react-native/Libraries/Text"
  React-RCTVibration:
    :path: "../node_modules/react-native/Libraries/Vibration"
  React-runtimeexecutor:
    :path: "../node_modules/react-native/ReactCommon/runtimeexecutor"
  ReactCommon:
    :path: "../node_modules/react-native/ReactCommon"
  ReactNativeIncallManager:
    :path: "../node_modules/react-native-incall-manager"
  RNCAsyncStorage:
    :path: "../node_modules/@react-native-async-storage/async-storage"
  RNFBApp:
    :path: "../node_modules/@react-native-firebase/app"
  RNFBAuth:
    :path: "../node_modules/@react-native-firebase/auth"
  RNFBDatabase:
    :path: "../node_modules/@react-native-firebase/database"
  RNFBMessaging:
    :path: "../node_modules/@react-native-firebase/messaging"
  RNGoogleSignin:
    :path: "../node_modules/@react-native-google-signin/google-signin"
  RNNotifee:
    :path: "../node_modules/@notifee/react-native"
  RNScreens:
    :path: "../node_modules/react-native-screens"
  RNSoundPlayer:
    :path: "../node_modules/react-native-sound-player"
  RNSVG:
    :path: "../node_modules/react-native-svg"
  RNVectorIcons:
    :path: "../node_modules/react-native-vector-icons"
  stripe-react-native:
    :path: "../node_modules/@stripe/stripe-react-native"
  Yoga:
    :path: "../node_modules/react-native/ReactCommon/yoga"

SPEC CHECKSUMS:
  AppAuth: 8fca6b5563a5baef2c04bee27538025e4ceb2add
  AppCenter: 3fd04aa1b166e16fdb03ec81dabe488aece83fbd
  appcenter-analytics: 1aea9ada8922d2e2df3e069a28eda21157c9d30d
  appcenter-core: c593b2e4ac28d6a21b6a217c4a5e6b3de7b0b00f
  appcenter-crashes: d9ae1c9296974c1c433600fa2f320e0ba1f12bdf
  AppCenterReactNativeShared: f395caeabde0dc3a11609dbcb737d0f14cd40e79
  Base64: cecfb41a004124895a7bcee567a89bae5a89d49b
  boost: a7c83b31436843459a1961bfd74b96033dc77234
  CocoaAsyncSocket: 065fd1e645c7abab64f7a6a2007a48038fdc6a99
  CodePush: 7e699d8c8039f67afb2193fad0b1e52219d82693
  DoubleConversion: 831926d9b8bf8166fd87886c4abab286c2422662
  FBLazyVector: a7a655862f6b09625d11c772296b01cd5164b648
  FBReactNativeSpec: 81ce99032d5b586fddd6a38d450f8595f7e04be4
  Firebase: 629510f1a9ddb235f3a7c5c8ceb23ba887f0f814
  FirebaseAnalytics: 5506ea8b867d8423485a84b4cd612d279f7b0b8a
  FirebaseAuth: bcf0adeff88bda5dcb3beeabe5760f1226ab7b2f
  FirebaseCore: 98b29e3828f0a53651c363937a7f7d92a19f1ba2
  FirebaseCoreDiagnostics: 92e07a649aeb66352b319d43bdd2ee3942af84cb
  FirebaseDatabase: bc4610ff3a816dcc680c1dbccf7f9f4bd94ac07d
  FirebaseInstallations: 40bd9054049b2eae9a2c38ef1c3dd213df3605cd
  FirebaseMessaging: 419b5c9d84f294a753c6501d8cfb9ced1ce37304
  Flipper: 26fc4b7382499f1281eb8cb921e5c3ad6de91fe0
  Flipper-Boost-iOSX: fd1e2b8cbef7e662a122412d7ac5f5bea715403c
  Flipper-DoubleConversion: 3d3d04a078d4f3a1b6c6916587f159dc11f232c4
  Flipper-Fmt: 60cbdd92fc254826e61d669a5d87ef7015396a9b
  Flipper-Folly: 584845625005ff068a6ebf41f857f468decd26b3
  Flipper-Glog: 87bc98ff48de90cb5b0b5114ed3da79d85ee2dd4
  Flipper-PeerTalk: 116d8f857dc6ef55c7a5a75ea3ceaafe878aadc9
  Flipper-RSocket: d9d9ade67cbecf6ac10730304bf5607266dd2541
  FlipperKit: cbdee19bdd4e7f05472a66ce290f1b729ba3cb86
  fmt: ff9d55029c625d3757ed641535fd4a75fedc7ce9
  glog: 476ee3e89abb49e07f822b48323c51c57124b572
  GoogleAppMeasurement: 5ba1164e3c844ba84272555e916d0a6d3d977e91
  GoogleDataTransport: ea169759df570f4e37bdee1623ec32a7e64e67c4
  GoogleSignIn: 5651ce3a61e56ca864160e79b484cd9ed3f49b7a
  GoogleUtilities: c2bdc4cf2ce786c4d2e6b3bcfd599a25ca78f06f
  GTMAppAuth: 0ff230db599948a9ad7470ca667337803b3fc4dd
  GTMSessionFetcher: 5595ec75acf5be50814f81e9189490412bad82ba
  JitsiWebRTC: f441eb0e2d67f0588bf24e21c5162e97342714fb
  JWT: ef71dfb03e1f842081e64dc42eef0e164f35d251
  leveldb-library: 50c7b45cbd7bf543c81a468fe557a16ae3db8729
  libevent: 4049cae6c81cdb3654a443be001fb9bdceff7913
  nanopb: a0ba3315591a9ae0a16a309ee504766e90db0c96
  OpenSSL-Universal: ebc357f1e6bc71fa463ccb2fe676756aff50e88c
  PromisesObjC: ab77feca74fa2823e7af4249b8326368e61014cb
  RCT-Folly: 4d8508a426467c48885f1151029bc15fa5d7b3b8
  RCTRequired: 3e917ea5377751094f38145fdece525aa90545a0
  RCTTypeSafety: c43c072a4bd60feb49a9570b0517892b4305c45e
  React: 176dd882de001854ced260fad41bb68a31aa4bd0
  React-callinvoker: c2864d1818d6e64928d2faf774a3800dfc38fe1f
  React-Codegen: 98b6f97f0a7abf7d67e4ce435c77c05b7a95cf05
  React-Core: fdaa2916b1c893f39f02cff0476d1fb0cab1e352
  React-CoreModules: fd8705b80699ec36c2cdd635c2ce9d874b9cfdfc
  React-cxxreact: 1832d971f7b0cb2c7b943dc0ec962762c90c906e
  React-jsi: 72af715135abe8c3f0dcf3b2548b71d048b69a7e
  React-jsiexecutor: b7b553412f2ec768fe6c8f27cd6bafdb9d8719e6
  React-jsinspector: c5989c77cb89ae6a69561095a61cce56a44ae8e8
  React-logger: a0833912d93b36b791b7a521672d8ee89107aff1
  react-native-fast-video: 76ab3e12510bdb438e9d9e973286af451a38c1ab
  react-native-safe-area-context: ec0d85aca8110dae9327430a9541fec165352dab
  react-native-webrtc: 4a4c31be61f88d1d3356526eebce72f462a6760e
  react-native-webview: 9f111dfbcfc826084d6c507f569e5e03342ee1c1
  React-perflogger: a18b4f0bd933b8b24ecf9f3c54f9bf65180f3fe6
  React-RCTActionSheet: 547fe42fdb4b6089598d79f8e1d855d7c23e2162
  React-RCTAnimation: bc9440a1c37b06ae9ebbb532d244f607805c6034
  React-RCTBlob: a1295c8e183756d7ef30ba6e8f8144dfe8a19215
  React-RCTImage: a30d1ee09b1334067fbb6f30789aae2d7ac150c9
  React-RCTLinking: ffc6d5b88d1cb9aca13c54c2ec6507fbf07f2ac4
  React-RCTNetwork: f807a2facab6cf5cf36d592e634611de9cf12d81
  React-RCTSettings: 861806819226ed8332e6a8f90df2951a34bb3e7f
  React-RCTText: f3fb464cc41a50fc7a1aba4deeb76a9ad8282cb9
  React-RCTVibration: 79040b92bfa9c3c2d2cb4f57e981164ec7ab9374
  React-runtimeexecutor: b960b687d2dfef0d3761fbb187e01812ebab8b23
  ReactCommon: 095366164a276d91ea704ce53cb03825c487a3f2
  ReactNativeIncallManager: 1caa3614bed746e3b9c69dd39349fb345c74c30f
  RNCAsyncStorage: 73b194e58ded504eee17b9a3c125651e2507ddde
  RNFBApp: 729c0666395b1953198dc4a1ec6deb8fbe1c302e
  RNFBAuth: 7718be1152f5d1d0bb970a8d33094d010f1ac21c
  RNFBDatabase: 1e8e42f296c43f812ac91fe078ceedbf02c77a23
  RNFBMessaging: 8415ec196e5c1196caa26ec0742cdb48ed4d0f97
  RNGoogleSignin: 2fba073231d3397ae262b88f9a0b646d733fc8f9
  RNNotifee: 8527a2b9ffc6d0abfd907027e22962a809e39eee
  RNScreens: 34cc502acf1b916c582c60003dc3089fa01dc66d
  RNSoundPlayer: 369105c565b8fe6ea0a43fc882dc81eba444e842
  RNSVG: c1e76b81c76cdcd34b4e1188852892dc280eb902
  RNVectorIcons: fcc2f6cb32f5735b586e66d14103a74ce6ad61f8
  SocketRocket: fccef3f9c5cedea1353a9ef6ada904fde10d6608
  SSZipArchive: 62d4947b08730e4cda640473b0066d209ff033c9
  Stripe: a11f72e054b581f16064d5b735e33a056f197c34
  stripe-react-native: 333a6c66a256412fcb353b7e8585564fe2407095
  StripeApplePay: e6267e960bee142c5140137c79f36639d96be2d2
  StripeCore: e7a5ef22f15ca26f83a9d8f52e87c6767317a268
  StripeFinancialConnections: f4530a4feddc2c2fdd378fd767a161f0fddbb258
  StripePayments: e56a21a758f06cb6048aae711d60c135ac49eaf7
  StripePaymentSheet: 55451afab0ad85cc4cda9aec26a62a5a5694c029
  StripePaymentsUI: d3fa98cca974d6b29a331b7efe8c4803cdfe47de
  StripeUICore: b8514392b8d679a1be9739198e2df4168f34c8a7
  Yoga: 99652481fcd320aefa4a7ef90095b95acd181952
  YogaKit: f782866e155069a2cca2517aafea43200b01fd5a

PODFILE CHECKSUM: f157762bf0c864c51fcf542a9c3de0aef39f8339

COCOAPODS: 1.11.3
